
Microsoft Visual Studio Solution File, Format Version 12.00
# Visual Studio Version 17
VisualStudioVersion = 17.1.32210.238
MinimumVisualStudioVersion = 10.0.40219.1
Project("{9A19103F-16F7-4668-BE54-9A1E7A4F7556}") = "MonoProject", "MonoProject\MonoProject.csproj", "{5695B191-5053-42F0-BB6A-AF4E5B43D7DA}"
EndProject
Project("{2150E333-8FDC-42A3-9474-1A3956D46DE8}") = "Solution Items", "Solution Items", "{703E9A38-411B-4254-99CA-D03B48D9BE7C}"
	ProjectSection(SolutionItems) = preProject
		.gitignore = .gitignore
		README.md = README.md
	EndProjectSection
EndProject
Project("{9A19103F-16F7-4668-BE54-9A1E7A4F7556}") = "FlatLib", "FlatLib\FlatLib.csproj", "{5EAF86B9-FADC-445D-9413-478A48DFBA1F}"
EndProject
Global
	GlobalSection(SolutionConfigurationPlatforms) = preSolution
		Debug|Any CPU = Debug|Any CPU
		Release|Any CPU = Release|Any CPU
	EndGlobalSection
	GlobalSection(ProjectConfigurationPlatforms) = postSolution
		{5695B191-5053-42F0-BB6A-AF4E5B43D7DA}.Debug|Any CPU.ActiveCfg = Debug|Any CPU
		{5695B191-5053-42F0-BB6A-AF4E5B43D7DA}.Debug|Any CPU.Build.0 = Debug|Any CPU
		{5695B191-5053-42F0-BB6A-AF4E5B43D7DA}.Release|Any CPU.ActiveCfg = Release|Any CPU
		{5695B191-5053-42F0-BB6A-AF4E5B43D7DA}.Release|Any CPU.Build.0 = Release|Any CPU
		{5EAF86B9-FADC-445D-9413-478A48DFBA1F}.Debug|Any CPU.ActiveCfg = Debug|Any CPU
		{5EAF86B9-FADC-445D-9413-478A48DFBA1F}.Debug|Any CPU.Build.0 = Debug|Any CPU
		{5EAF86B9-FADC-445D-9413-478A48DFBA1F}.Release|Any CPU.ActiveCfg = Release|Any CPU
		{5EAF86B9-FADC-445D-9413-478A48DFBA1F}.Release|Any CPU.Build.0 = Release|Any CPU
	EndGlobalSection
	GlobalSection(SolutionProperties) = preSolution
		HideSolutionNode = FALSE
	EndGlobalSection
	GlobalSection(ExtensibilityGlobals) = postSolution
		SolutionGuid = {6A76FE5D-BB54-4B52-AA48-131C08017D72}
	EndGlobalSection
EndGlobal
